
Microsoft Visual Studio Solution File, Format Version 12.00
# Visual Studio 15
VisualStudioVersion = 15.0.28307.271
MinimumVisualStudioVersion = 10.0.40219.1
Project("{FAE04EC0-301F-11D3-BF4B-00C04F79EFBC}") = "FigureAreaCalcLib", "FigureAreaCalcLib\FigureAreaCalcLib.csproj", "{C1801126-C912-4173-8E6D-5CA116DDFE46}"
EndProject
Project("{FAE04EC0-301F-11D3-BF4B-00C04F79EFBC}") = "FigureAreaCalcLib.UnitTests", "FigureAreaCalcLib.UnitTests\FigureAreaCalcLib.UnitTests.csproj", "{5EBB3728-876E-4947-BEAC-F57681A7ECFD}"
EndProject
Global
	GlobalSection(SolutionConfigurationPlatforms) = preSolution
		Debug|Any CPU = Debug|Any CPU
		Release|Any CPU = Release|Any CPU
	EndGlobalSection
	GlobalSection(ProjectConfigurationPlatforms) = postSolution
		{C1801126-C912-4173-8E6D-5CA116DDFE46}.Debug|Any CPU.ActiveCfg = Debug|Any CPU
		{C1801126-C912-4173-8E6D-5CA116DDFE46}.Debug|Any CPU.Build.0 = Debug|Any CPU
		{C1801126-C912-4173-8E6D-5CA116DDFE46}.Release|Any CPU.ActiveCfg = Release|Any CPU
		{C1801126-C912-4173-8E6D-5CA116DDFE46}.Release|Any CPU.Build.0 = Release|Any CPU
		{5EBB3728-876E-4947-BEAC-F57681A7ECFD}.Debug|Any CPU.ActiveCfg = Debug|Any CPU
		{5EBB3728-876E-4947-BEAC-F57681A7ECFD}.Debug|Any CPU.Build.0 = Debug|Any CPU
		{5EBB3728-876E-4947-BEAC-F57681A7ECFD}.Release|Any CPU.ActiveCfg = Release|Any CPU
		{5EBB3728-876E-4947-BEAC-F57681A7ECFD}.Release|Any CPU.Build.0 = Release|Any CPU
	EndGlobalSection
	GlobalSection(SolutionProperties) = preSolution
		HideSolutionNode = FALSE
	EndGlobalSection
	GlobalSection(ExtensibilityGlobals) = postSolution
		SolutionGuid = {57119105-D61E-41C6-A00E-AB3845D39A02}
	EndGlobalSection
EndGlobal
